
Microsoft Visual Studio Solution File, Format Version 12.00
# Visual Studio 15
VisualStudioVersion = 15.0.28307.421
MinimumVisualStudioVersion = 10.0.40219.1
Project("{FAE04EC0-301F-11D3-BF4B-00C04F79EFBC}") = "ConsoleAppCancelTask", "ConsoleAppCancelTask\ConsoleAppCancelTask.csproj", "{9798602E-52C1-42E7-9679-434E825A1E38}"
EndProject
Global
	GlobalSection(SolutionConfigurationPlatforms) = preSolution
		Debug|Any CPU = Debug|Any CPU
		Release|Any CPU = Release|Any CPU
	EndGlobalSection
	GlobalSection(ProjectConfigurationPlatforms) = postSolution
		{9798602E-52C1-42E7-9679-434E825A1E38}.Debug|Any CPU.ActiveCfg = Debug|Any CPU
		{9798602E-52C1-42E7-9679-434E825A1E38}.Debug|Any CPU.Build.0 = Debug|Any CPU
		{9798602E-52C1-42E7-9679-434E825A1E38}.Release|Any CPU.ActiveCfg = Release|Any CPU
		{9798602E-52C1-42E7-9679-434E825A1E38}.Release|Any CPU.Build.0 = Release|Any CPU
	EndGlobalSection
	GlobalSection(SolutionProperties) = preSolution
		HideSolutionNode = FALSE
	EndGlobalSection
	GlobalSection(ExtensibilityGlobals) = postSolution
		SolutionGuid = {51091640-A509-47F5-84B5-AADC99BD3BC9}
	EndGlobalSection
EndGlobal
